
Microsoft Visual Studio Solution File, Format Version 12.00
# Visual Studio Version 17
VisualStudioVersion = 17.3.32922.545
MinimumVisualStudioVersion = 10.0.40219.1
Project("{9A19103F-16F7-4668-BE54-9A1E7A4F7556}") = "D03", "D3\D03.csproj", "{3E1E76AE-51DC-43B6-BA71-EF52D7D91F0D}"
EndProject
Project("{9A19103F-16F7-4668-BE54-9A1E7A4F7556}") = "D01", "D1\D01.csproj", "{3B235C5D-54A2-4228-9D28-A155C8EFB86B}"
EndProject
Project("{9A19103F-16F7-4668-BE54-9A1E7A4F7556}") = "D02", "D2\D02.csproj", "{9DB34550-C600-402B-AAC7-6C2FA36A433B}"
EndProject
Project("{9A19103F-16F7-4668-BE54-9A1E7A4F7556}") = "D04", "D4\D04.csproj", "{A88F218A-C36E-4D30-8156-D28EEB750ADC}"
EndProject
Project("{9A19103F-16F7-4668-BE54-9A1E7A4F7556}") = "D05", "D5\D05.csproj", "{D1F1A9DF-6E3D-49E2-A52D-8015591A0947}"
EndProject
Project("{9A19103F-16F7-4668-BE54-9A1E7A4F7556}") = "D06", "D6\D06.csproj", "{5A3B6CB6-3D4C-4E1D-A9A8-0A459DEF995A}"
EndProject
Project("{9A19103F-16F7-4668-BE54-9A1E7A4F7556}") = "BenchMark", "BenchMark\BenchMark.csproj", "{FEF1D2D9-59CE-475E-B6A0-F0ED4CC98ECF}"
EndProject
Project("{9A19103F-16F7-4668-BE54-9A1E7A4F7556}") = "D07", "D7\D07.csproj", "{7A64745B-3733-42C9-8F91-349A850D492B}"
EndProject
Project("{9A19103F-16F7-4668-BE54-9A1E7A4F7556}") = "D08", "D8\D08.csproj", "{6318E693-8D84-4128-B86A-6AB2B520AC3E}"
EndProject
Project("{9A19103F-16F7-4668-BE54-9A1E7A4F7556}") = "D09", "D9\D09.csproj", "{51622883-36FF-4749-8C24-5AB4122C645E}"
EndProject
Project("{9A19103F-16F7-4668-BE54-9A1E7A4F7556}") = "D10", "D10\D10.csproj", "{E485BAF7-8A37-413D-96B8-8F505B8B7F46}"
EndProject
Project("{9A19103F-16F7-4668-BE54-9A1E7A4F7556}") = "D11", "D11\D11.csproj", "{75127CCA-E120-41F9-A792-3FE23AF2047F}"
EndProject
Project("{9A19103F-16F7-4668-BE54-9A1E7A4F7556}") = "D12", "D12\D12.csproj", "{ADEE95B2-2883-4A03-A358-40C458314018}"
EndProject
Project("{9A19103F-16F7-4668-BE54-9A1E7A4F7556}") = "D13", "D13\D13.csproj", "{4D4EBF2F-01C9-4811-A1F3-5126C2DB7BEA}"
EndProject
Project("{FAE04EC0-301F-11D3-BF4B-00C04F79EFBC}") = "D14", "D14\D14.csproj", "{63FE7B54-13D5-480F-A5A0-E2C74B98003B}"
EndProject
Global
	GlobalSection(SolutionConfigurationPlatforms) = preSolution
		Debug|Any CPU = Debug|Any CPU
		Release|Any CPU = Release|Any CPU
	EndGlobalSection
	GlobalSection(ProjectConfigurationPlatforms) = postSolution
		{3E1E76AE-51DC-43B6-BA71-EF52D7D91F0D}.Debug|Any CPU.ActiveCfg = Debug|Any CPU
		{3E1E76AE-51DC-43B6-BA71-EF52D7D91F0D}.Debug|Any CPU.Build.0 = Debug|Any CPU
		{3E1E76AE-51DC-43B6-BA71-EF52D7D91F0D}.Release|Any CPU.ActiveCfg = Release|Any CPU
		{3E1E76AE-51DC-43B6-BA71-EF52D7D91F0D}.Release|Any CPU.Build.0 = Release|Any CPU
		{3B235C5D-54A2-4228-9D28-A155C8EFB86B}.Debug|Any CPU.ActiveCfg = Debug|Any CPU
		{3B235C5D-54A2-4228-9D28-A155C8EFB86B}.Debug|Any CPU.Build.0 = Debug|Any CPU
		{3B235C5D-54A2-4228-9D28-A155C8EFB86B}.Release|Any CPU.ActiveCfg = Release|Any CPU
		{3B235C5D-54A2-4228-9D28-A155C8EFB86B}.Release|Any CPU.Build.0 = Release|Any CPU
		{9DB34550-C600-402B-AAC7-6C2FA36A433B}.Debug|Any CPU.ActiveCfg = Debug|Any CPU
		{9DB34550-C600-402B-AAC7-6C2FA36A433B}.Debug|Any CPU.Build.0 = Debug|Any CPU
		{9DB34550-C600-402B-AAC7-6C2FA36A433B}.Release|Any CPU.ActiveCfg = Release|Any CPU
		{9DB34550-C600-402B-AAC7-6C2FA36A433B}.Release|Any CPU.Build.0 = Release|Any CPU
		{A88F218A-C36E-4D30-8156-D28EEB750ADC}.Debug|Any CPU.ActiveCfg = Debug|Any CPU
		{A88F218A-C36E-4D30-8156-D28EEB750ADC}.Debug|Any CPU.Build.0 = Debug|Any CPU
		{A88F218A-C36E-4D30-8156-D28EEB750ADC}.Release|Any CPU.ActiveCfg = Release|Any CPU
		{A88F218A-C36E-4D30-8156-D28EEB750ADC}.Release|Any CPU.Build.0 = Release|Any CPU
		{D1F1A9DF-6E3D-49E2-A52D-8015591A0947}.Debug|Any CPU.ActiveCfg = Debug|Any CPU
		{D1F1A9DF-6E3D-49E2-A52D-8015591A0947}.Debug|Any CPU.Build.0 = Debug|Any CPU
		{D1F1A9DF-6E3D-49E2-A52D-8015591A0947}.Release|Any CPU.ActiveCfg = Release|Any CPU
		{D1F1A9DF-6E3D-49E2-A52D-8015591A0947}.Release|Any CPU.Build.0 = Release|Any CPU
		{5A3B6CB6-3D4C-4E1D-A9A8-0A459DEF995A}.Debug|Any CPU.ActiveCfg = Debug|Any CPU
		{5A3B6CB6-3D4C-4E1D-A9A8-0A459DEF995A}.Debug|Any CPU.Build.0 = Debug|Any CPU
		{5A3B6CB6-3D4C-4E1D-A9A8-0A459DEF995A}.Release|Any CPU.ActiveCfg = Release|Any CPU
		{5A3B6CB6-3D4C-4E1D-A9A8-0A459DEF995A}.Release|Any CPU.Build.0 = Release|Any CPU
		{FEF1D2D9-59CE-475E-B6A0-F0ED4CC98ECF}.Debug|Any CPU.ActiveCfg = Debug|Any CPU
		{FEF1D2D9-59CE-475E-B6A0-F0ED4CC98ECF}.Debug|Any CPU.Build.0 = Debug|Any CPU
		{FEF1D2D9-59CE-475E-B6A0-F0ED4CC98ECF}.Release|Any CPU.ActiveCfg = Release|Any CPU
		{FEF1D2D9-59CE-475E-B6A0-F0ED4CC98ECF}.Release|Any CPU.Build.0 = Release|Any CPU
		{7A64745B-3733-42C9-8F91-349A850D492B}.Debug|Any CPU.ActiveCfg = Debug|Any CPU
		{7A64745B-3733-42C9-8F91-349A850D492B}.Debug|Any CPU.Build.0 = Debug|Any CPU
		{7A64745B-3733-42C9-8F91-349A850D492B}.Release|Any CPU.ActiveCfg = Release|Any CPU
		{7A64745B-3733-42C9-8F91-349A850D492B}.Release|Any CPU.Build.0 = Release|Any CPU
		{6318E693-8D84-4128-B86A-6AB2B520AC3E}.Debug|Any CPU.ActiveCfg = Debug|Any CPU
		{6318E693-8D84-4128-B86A-6AB2B520AC3E}.Debug|Any CPU.Build.0 = Debug|Any CPU
		{6318E693-8D84-4128-B86A-6AB2B520AC3E}.Release|Any CPU.ActiveCfg = Release|Any CPU
		{6318E693-8D84-4128-B86A-6AB2B520AC3E}.Release|Any CPU.Build.0 = Release|Any CPU
		{51622883-36FF-4749-8C24-5AB4122C645E}.Debug|Any CPU.ActiveCfg = Debug|Any CPU
		{51622883-36FF-4749-8C24-5AB4122C645E}.Debug|Any CPU.Build.0 = Debug|Any CPU
		{51622883-36FF-4749-8C24-5AB4122C645E}.Release|Any CPU.ActiveCfg = Release|Any CPU
		{51622883-36FF-4749-8C24-5AB4122C645E}.Release|Any CPU.Build.0 = Release|Any CPU
		{E485BAF7-8A37-413D-96B8-8F505B8B7F46}.Debug|Any CPU.ActiveCfg = Debug|Any CPU
		{E485BAF7-8A37-413D-96B8-8F505B8B7F46}.Debug|Any CPU.Build.0 = Debug|Any CPU
		{E485BAF7-8A37-413D-96B8-8F505B8B7F46}.Release|Any CPU.ActiveCfg = Release|Any CPU
		{E485BAF7-8A37-413D-96B8-8F505B8B7F46}.Release|Any CPU.Build.0 = Release|Any CPU
		{75127CCA-E120-41F9-A792-3FE23AF2047F}.Debug|Any CPU.ActiveCfg = Debug|Any CPU
		{75127CCA-E120-41F9-A792-3FE23AF2047F}.Debug|Any CPU.Build.0 = Debug|Any CPU
		{75127CCA-E120-41F9-A792-3FE23AF2047F}.Release|Any CPU.ActiveCfg = Release|Any CPU
		{75127CCA-E120-41F9-A792-3FE23AF2047F}.Release|Any CPU.Build.0 = Release|Any CPU
		{ADEE95B2-2883-4A03-A358-40C458314018}.Debug|Any CPU.ActiveCfg = Debug|Any CPU
		{ADEE95B2-2883-4A03-A358-40C458314018}.Debug|Any CPU.Build.0 = Debug|Any CPU
		{ADEE95B2-2883-4A03-A358-40C458314018}.Release|Any CPU.ActiveCfg = Release|Any CPU
		{ADEE95B2-2883-4A03-A358-40C458314018}.Release|Any CPU.Build.0 = Release|Any CPU
		{4D4EBF2F-01C9-4811-A1F3-5126C2DB7BEA}.Debug|Any CPU.ActiveCfg = Debug|Any CPU
		{4D4EBF2F-01C9-4811-A1F3-5126C2DB7BEA}.Debug|Any CPU.Build.0 = Debug|Any CPU
		{4D4EBF2F-01C9-4811-A1F3-5126C2DB7BEA}.Release|Any CPU.ActiveCfg = Release|Any CPU
		{4D4EBF2F-01C9-4811-A1F3-5126C2DB7BEA}.Release|Any CPU.Build.0 = Release|Any CPU
		{63FE7B54-13D5-480F-A5A0-E2C74B98003B}.Debug|Any CPU.ActiveCfg = Debug|Any CPU
		{63FE7B54-13D5-480F-A5A0-E2C74B98003B}.Debug|Any CPU.Build.0 = Debug|Any CPU
		{63FE7B54-13D5-480F-A5A0-E2C74B98003B}.Release|Any CPU.ActiveCfg = Release|Any CPU
		{63FE7B54-13D5-480F-A5A0-E2C74B98003B}.Release|Any CPU.Build.0 = Release|Any CPU
	EndGlobalSection
	GlobalSection(SolutionProperties) = preSolution
		HideSolutionNode = FALSE
	EndGlobalSection
	GlobalSection(ExtensibilityGlobals) = postSolution
		SolutionGuid = {A66EBAA9-C9A8-4831-8F9C-4495F7B70F81}
	EndGlobalSection
EndGlobal
